{
  "lockfile_version": "1",
  "packages": {
    "nodejs-slim@22": {
      "last_modified": "2024-10-13T23:44:06Z",
      "plugin_version": "0.0.2",
      "resolved": "github:NixOS/nixpkgs/d4f247e89f6e10120f911e2e2d2254a050d0f732#nodejs-slim_22",
      "source": "devbox-search",
      "version": "22.9.0",
      "systems": {
        "aarch64-darwin": {
          "outputs": [
            {
              "name": "out",
              "path": "/nix/store/pk6izbvmg9m3l8w7nkij4b94yxfpl997-nodejs-slim-22.9.0",
              "default": true
            },
            {
              "name": "libv8",
              "path": "/nix/store/1ylgpm7wb349kd4ik3x80vf7b7i52rza-nodejs-slim-22.9.0-libv8"
            }
          ],
          "store_path": "/nix/store/pk6izbvmg9m3l8w7nkij4b94yxfpl997-nodejs-slim-22.9.0"
        },
        "aarch64-linux": {
          "outputs": [
            {
              "name": "out",
              "path": "/nix/store/cjrzb7xmllzvml680bf892al00gqqgrz-nodejs-slim-22.9.0",
              "default": true
            },
            {
              "name": "libv8",
              "path": "/nix/store/vrqy3gj4hiic6qvlwk4jsmlgimhp1m3n-nodejs-slim-22.9.0-libv8"
            }
          ],
          "store_path": "/nix/store/cjrzb7xmllzvml680bf892al00gqqgrz-nodejs-slim-22.9.0"
        },
        "x86_64-darwin": {
          "outputs": [
            {
              "name": "out",
              "path": "/nix/store/x3anqfq5wlc5cwblcajing0r5whgyksl-nodejs-slim-22.9.0",
              "default": true
            },
            {
              "name": "libv8",
              "path": "/nix/store/jny2cjpk6n2riizjyxrfccc69ypwhhrz-nodejs-slim-22.9.0-libv8"
            }
          ],
          "store_path": "/nix/store/x3anqfq5wlc5cwblcajing0r5whgyksl-nodejs-slim-22.9.0"
        },
        "x86_64-linux": {
          "outputs": [
            {
              "name": "out",
              "path": "/nix/store/333h902ma4304hclb49jjgxb11x5xcyr-nodejs-slim-22.9.0",
              "default": true
            },
            {
              "name": "libv8",
              "path": "/nix/store/9kq0ghqkrkgmwqq2dcwy7fzla2gxk544-nodejs-slim-22.9.0-libv8"
            }
          ],
          "store_path": "/nix/store/333h902ma4304hclb49jjgxb11x5xcyr-nodejs-slim-22.9.0"
        }
      }
    }
  }
}
